
Microsoft Visual Studio Solution File, Format Version 12.00
# Visual Studio 2012
Project("{FAE04EC0-301F-11D3-BF4B-00C04F79EFBC}") = "Highway.Configuration.Infrastructure", "src\Highway.Configuration.Infrastructure\Highway.Configuration.Infrastructure.csproj", "{D37BE172-9BB8-4C09-8952-E96977A87BD9}"
EndProject
Project("{FAE04EC0-301F-11D3-BF4B-00C04F79EFBC}") = "Highway.Configuration.Core", "src\Highway.Configuration.Core\Highway.Configuration.Core.csproj", "{2CC5C452-7226-4CA8-8F76-F57313957971}"
EndProject
Project("{FAE04EC0-301F-11D3-BF4B-00C04F79EFBC}") = "Highway.Configuration.Web", "src\Highway.Configuration.Web\Highway.Configuration.Web.csproj", "{CC267564-945D-4F05-B9A9-BC7B33F92765}"
EndProject
Project("{FAE04EC0-301F-11D3-BF4B-00C04F79EFBC}") = "Highway.Configuration.Web.Tests", "test\Highway.Configuration.Web.Tests\Highway.Configuration.Web.Tests.csproj", "{C135E116-BB7E-4513-88E2-A120A679D27C}"
EndProject
Project("{FAE04EC0-301F-11D3-BF4B-00C04F79EFBC}") = "Highway.Configuration.Infrastructure.Tests", "test\Highway.Configuration.Infrastructure.Tests\Highway.Configuration.Infrastructure.Tests.csproj", "{F9329B8A-AE20-4FC8-8E21-B97F00709D59}"
EndProject
Project("{FAE04EC0-301F-11D3-BF4B-00C04F79EFBC}") = "Highway.Configuration.Core.Tests", "test\Highway.Configuration.Core.Tests\Highway.Configuration.Core.Tests.csproj", "{25076A00-5062-43A7-A3B7-C1F1441A1357}"
EndProject
Project("{2150E333-8FDC-42A3-9474-1A3956D46DE8}") = ".nuget", ".nuget", "{0B5B5314-4951-4C0B-A2FB-5388A85021A3}"
	ProjectSection(SolutionItems) = preProject
		.nuget\NuGet.Config = .nuget\NuGet.Config
		.nuget\NuGet.exe = .nuget\NuGet.exe
		.nuget\NuGet.targets = .nuget\NuGet.targets
	EndProjectSection
EndProject
Project("{FAE04EC0-301F-11D3-BF4B-00C04F79EFBC}") = "Highway.Configuration.Client.Tests", "test\Highway.Configuration.Client.Tests\Highway.Configuration.Client.Tests.csproj", "{0E07EA5E-D7EE-4305-82CE-DE7065366BBB}"
EndProject
Project("{FAE04EC0-301F-11D3-BF4B-00C04F79EFBC}") = "Highway.Configuration.Client", "src\Highway.Configuration.Client\Highway.Configuration.Client.csproj", "{D3AF0751-6780-4C74-944C-007E46929B2F}"
EndProject
Project("{FAE04EC0-301F-11D3-BF4B-00C04F79EFBC}") = "Highway.Configuration.Shared.Tests", "test\Highway.Configuration.Shared.Tests\Highway.Configuration.Shared.Tests.csproj", "{6E2D80EB-11CF-47DB-8F0E-1B883CD154A5}"
EndProject
Global
	GlobalSection(SolutionConfigurationPlatforms) = preSolution
		Debug|Any CPU = Debug|Any CPU
		Release|Any CPU = Release|Any CPU
	EndGlobalSection
	GlobalSection(ProjectConfigurationPlatforms) = postSolution
		{D37BE172-9BB8-4C09-8952-E96977A87BD9}.Debug|Any CPU.ActiveCfg = Debug|Any CPU
		{D37BE172-9BB8-4C09-8952-E96977A87BD9}.Debug|Any CPU.Build.0 = Debug|Any CPU
		{D37BE172-9BB8-4C09-8952-E96977A87BD9}.Release|Any CPU.ActiveCfg = Release|Any CPU
		{D37BE172-9BB8-4C09-8952-E96977A87BD9}.Release|Any CPU.Build.0 = Release|Any CPU
		{2CC5C452-7226-4CA8-8F76-F57313957971}.Debug|Any CPU.ActiveCfg = Debug|Any CPU
		{2CC5C452-7226-4CA8-8F76-F57313957971}.Debug|Any CPU.Build.0 = Debug|Any CPU
		{2CC5C452-7226-4CA8-8F76-F57313957971}.Release|Any CPU.ActiveCfg = Release|Any CPU
		{2CC5C452-7226-4CA8-8F76-F57313957971}.Release|Any CPU.Build.0 = Release|Any CPU
		{CC267564-945D-4F05-B9A9-BC7B33F92765}.Debug|Any CPU.ActiveCfg = Debug|Any CPU
		{CC267564-945D-4F05-B9A9-BC7B33F92765}.Debug|Any CPU.Build.0 = Debug|Any CPU
		{CC267564-945D-4F05-B9A9-BC7B33F92765}.Release|Any CPU.ActiveCfg = Release|Any CPU
		{CC267564-945D-4F05-B9A9-BC7B33F92765}.Release|Any CPU.Build.0 = Release|Any CPU
		{C135E116-BB7E-4513-88E2-A120A679D27C}.Debug|Any CPU.ActiveCfg = Debug|Any CPU
		{C135E116-BB7E-4513-88E2-A120A679D27C}.Debug|Any CPU.Build.0 = Debug|Any CPU
		{C135E116-BB7E-4513-88E2-A120A679D27C}.Release|Any CPU.ActiveCfg = Release|Any CPU
		{C135E116-BB7E-4513-88E2-A120A679D27C}.Release|Any CPU.Build.0 = Release|Any CPU
		{F9329B8A-AE20-4FC8-8E21-B97F00709D59}.Debug|Any CPU.ActiveCfg = Debug|Any CPU
		{F9329B8A-AE20-4FC8-8E21-B97F00709D59}.Debug|Any CPU.Build.0 = Debug|Any CPU
		{F9329B8A-AE20-4FC8-8E21-B97F00709D59}.Release|Any CPU.ActiveCfg = Release|Any CPU
		{F9329B8A-AE20-4FC8-8E21-B97F00709D59}.Release|Any CPU.Build.0 = Release|Any CPU
		{25076A00-5062-43A7-A3B7-C1F1441A1357}.Debug|Any CPU.ActiveCfg = Debug|Any CPU
		{25076A00-5062-43A7-A3B7-C1F1441A1357}.Debug|Any CPU.Build.0 = Debug|Any CPU
		{25076A00-5062-43A7-A3B7-C1F1441A1357}.Release|Any CPU.ActiveCfg = Release|Any CPU
		{25076A00-5062-43A7-A3B7-C1F1441A1357}.Release|Any CPU.Build.0 = Release|Any CPU
		{0E07EA5E-D7EE-4305-82CE-DE7065366BBB}.Debug|Any CPU.ActiveCfg = Debug|Any CPU
		{0E07EA5E-D7EE-4305-82CE-DE7065366BBB}.Debug|Any CPU.Build.0 = Debug|Any CPU
		{0E07EA5E-D7EE-4305-82CE-DE7065366BBB}.Release|Any CPU.ActiveCfg = Release|Any CPU
		{0E07EA5E-D7EE-4305-82CE-DE7065366BBB}.Release|Any CPU.Build.0 = Release|Any CPU
		{D3AF0751-6780-4C74-944C-007E46929B2F}.Debug|Any CPU.ActiveCfg = Debug|Any CPU
		{D3AF0751-6780-4C74-944C-007E46929B2F}.Debug|Any CPU.Build.0 = Debug|Any CPU
		{D3AF0751-6780-4C74-944C-007E46929B2F}.Release|Any CPU.ActiveCfg = Release|Any CPU
		{D3AF0751-6780-4C74-944C-007E46929B2F}.Release|Any CPU.Build.0 = Release|Any CPU
		{6E2D80EB-11CF-47DB-8F0E-1B883CD154A5}.Debug|Any CPU.ActiveCfg = Debug|Any CPU
		{6E2D80EB-11CF-47DB-8F0E-1B883CD154A5}.Debug|Any CPU.Build.0 = Debug|Any CPU
		{6E2D80EB-11CF-47DB-8F0E-1B883CD154A5}.Release|Any CPU.ActiveCfg = Release|Any CPU
		{6E2D80EB-11CF-47DB-8F0E-1B883CD154A5}.Release|Any CPU.Build.0 = Release|Any CPU
	EndGlobalSection
	GlobalSection(SolutionProperties) = preSolution
		HideSolutionNode = FALSE
	EndGlobalSection
EndGlobal
